
Microsoft Visual Studio Solution File, Format Version 12.00
# Visual Studio Version 17
VisualStudioVersion = 17.13.35825.156 d17.13
MinimumVisualStudioVersion = 10.0.40219.1
Project("{FAE04EC0-301F-11D3-BF4B-00C04F79EFBC}") = "MayinTarlasi.UI", "MayinTarlasi.UI\MayinTarlasi.UI.csproj", "{7A748A9A-5D95-4478-81AF-C29221F99A34}"
EndProject
Global
	GlobalSection(SolutionConfigurationPlatforms) = preSolution
		Debug|Any CPU = Debug|Any CPU
		Release|Any CPU = Release|Any CPU
	EndGlobalSection
	GlobalSection(ProjectConfigurationPlatforms) = postSolution
		{7A748A9A-5D95-4478-81AF-C29221F99A34}.Debug|Any CPU.ActiveCfg = Debug|Any CPU
		{7A748A9A-5D95-4478-81AF-C29221F99A34}.Debug|Any CPU.Build.0 = Debug|Any CPU
		{7A748A9A-5D95-4478-81AF-C29221F99A34}.Release|Any CPU.ActiveCfg = Release|Any CPU
		{7A748A9A-5D95-4478-81AF-C29221F99A34}.Release|Any CPU.Build.0 = Release|Any CPU
	EndGlobalSection
	GlobalSection(SolutionProperties) = preSolution
		HideSolutionNode = FALSE
	EndGlobalSection
	GlobalSection(ExtensibilityGlobals) = postSolution
		SolutionGuid = {927527CD-9496-4FD6-9827-3C32813DBADA}
	EndGlobalSection
EndGlobal
